
Microsoft Visual Studio Solution File, Format Version 12.00
# Visual Studio 15
VisualStudioVersion = 15.0.28010.2016
MinimumVisualStudioVersion = 10.0.40219.1
Project("{FAE04EC0-301F-11D3-BF4B-00C04F79EFBC}") = "MyFirstCoreApp", "MyFirstCoreApp\MyFirstCoreApp.csproj", "{47014F01-26EA-4681-A058-88CCBECE4DAB}"
EndProject
Global
	GlobalSection(SolutionConfigurationPlatforms) = preSolution
		Debug|Any CPU = Debug|Any CPU
		Release|Any CPU = Release|Any CPU
	EndGlobalSection
	GlobalSection(ProjectConfigurationPlatforms) = postSolution
		{47014F01-26EA-4681-A058-88CCBECE4DAB}.Debug|Any CPU.ActiveCfg = Debug|Any CPU
		{47014F01-26EA-4681-A058-88CCBECE4DAB}.Debug|Any CPU.Build.0 = Debug|Any CPU
		{47014F01-26EA-4681-A058-88CCBECE4DAB}.Release|Any CPU.ActiveCfg = Release|Any CPU
		{47014F01-26EA-4681-A058-88CCBECE4DAB}.Release|Any CPU.Build.0 = Release|Any CPU
	EndGlobalSection
	GlobalSection(SolutionProperties) = preSolution
		HideSolutionNode = FALSE
	EndGlobalSection
	GlobalSection(ExtensibilityGlobals) = postSolution
		SolutionGuid = {EC363838-386E-45BB-859E-BB0394D4708B}
	EndGlobalSection
EndGlobal
